# THIS IS AN AUTOGENERATED FILE. DO NOT EDIT THIS FILE DIRECTLY.
# yarn lockfile v1


"@vue/composition-api@^1.0.0-beta.1":
  version "1.0.0-rc.10"
  resolved "https://registry.yarnpkg.com/@vue/composition-api/-/composition-api-1.0.0-rc.10.tgz#a98e2b810613531bbbbd3b4c0a9fc46198cc931d"
  integrity sha512-ftm4OU8H1Ipw64gxIVqzlCW9lJrtr9iOJME0/KJ/fWmVGy55Qbd0uIgIttOkCdLL94A5cjTSbJFTQhu9jBDRXw==
  dependencies:
    tslib "^2.2.0"

tslib@^2.2.0:
  version "2.2.0"
  resolved "https://registry.yarnpkg.com/tslib/-/tslib-2.2.0.tgz#fb2c475977e35e241311ede2693cee1ec6698f5c"
  integrity sha512-gS9GVHRU+RGn5KQM2rllAlR3dU6m7AcpJKdtH8gFvQiC4Otgk98XnmMU+nZenHt/+VhnBPWwgrJsyrdcw6i23w==
